// !$*UTF8*$!
{
	archiveVersion = 1;
	classes = {
	};
	objectVersion = 46;
	objects = {

/* Begin PBXBuildFile section */
		6DAB1D561F20D6F900050DE9 /* AppDelegate.swift in Sources */ = {isa = PBXBuildFile; fileRef = 6DAB1D551F20D6F900050DE9 /* AppDelegate.swift */; };
		6DAB1D5B1F20D6F900050DE9 /* Main.storyboard in Resources */ = {isa = PBXBuildFile; fileRef = 6DAB1D591F20D6F900050DE9 /* Main.storyboard */; };
		6DAB1D5D1F20D6F900050DE9 /* Assets.xcassets in Resources */ = {isa = PBXBuildFile; fileRef = 6DAB1D5C1F20D6F900050DE9 /* Assets.xcassets */; };
		6DAB1D601F20D6F900050DE9 /* LaunchScreen.storyboard in Resources */ = {isa = PBXBuildFile; fileRef = 6DAB1D5E1F20D6F900050DE9 /* LaunchScreen.storyboard */; };
		6DAB1D681F20D9EF00050DE9 /* MainViewController.swift in Sources */ = {isa = PBXBuildFile; fileRef = 6DAB1D671F20D9EF00050DE9 /* MainViewController.swift */; };
		6DAB1D6C1F20DBE100050DE9 /* YVTextField.swift in Sources */ = {isa = PBXBuildFile; fileRef = 6DAB1D6B1F20DBE100050DE9 /* YVTextField.swift */; };
/* End PBXBuildFile section */

/* Begin PBXFileReference section */
		6DAB1D521F20D6F900050DE9 /* YVTextField.app */ = {isa = PBXFileReference; explicitFileType = wrapper.application; includeInIndex = 0; path = YVTextField.app; sourceTree = BUILT_PRODUCTS_DIR; };
		6DAB1D551F20D6F900050DE9 /* AppDelegate.swift */ = {isa = PBXFileReference; lastKnownFileType = sourcecode.swift; path = AppDelegate.swift; sourceTree = "<group>"; };
		6DAB1D5A1F20D6F900050DE9 /* Base */ = {isa = PBXFileReference; lastKnownFileType = file.storyboard; name = Base; path = Base.lproj/Main.storyboard; sourceTree = "<group>"; };
		6DAB1D5C1F20D6F900050DE9 /* Assets.xcassets */ = {isa = PBXFileReference; lastKnownFileType = folder.assetcatalog; path = Assets.xcassets; sourceTree = "<group>"; };
		6DAB1D5F1F20D6F900050DE9 /* Base */ = {isa = PBXFileReference; lastKnownFileType = file.storyboard; name = Base; path = Base.lproj/LaunchScreen.storyboard; sourceTree = "<group>"; };
		6DAB1D611F20D6F900050DE9 /* Info.plist */ = {isa = PBXFileReference; lastKnownFileType = text.plist.xml; path = Info.plist; sourceTree = "<group>"; };
		6DAB1D671F20D9EF00050DE9 /* MainViewController.swift */ = {isa = PBXFileReference; fileEncoding = 4; lastKnownFileType = sourcecode.swift; path = MainViewController.swift; sourceTree = "<group>"; };
		6DAB1D6B1F20DBE100050DE9 /* YVTextField.swift */ = {isa = PBXFileReference; fileEncoding = 4; lastKnownFileType = sourcecode.swift; path = YVTextField.swift; sourceTree = "<group>"; };
/* End PBXFileReference section */

/* Begin PBXFrameworksBuildPhase section */
		6DAB1D4F1F20D6F900050DE9 /* Frameworks */ = {
			isa = PBXFrameworksBuildPhase;
			buildActionMask = 2147483647;
			files = (
			);
			runOnlyForDeploymentPostprocessing = 0;
		};
/* End PBXFrameworksBuildPhase section */

/* Begin PBXGroup section */
		6DAB1D491F20D6F900050DE9 = {
			isa = PBXGroup;
			children = (
				6DAB1D541F20D6F900050DE9 /* YVTextField */,
				6DAB1D531F20D6F900050DE9 /* Products */,
			);
			sourceTree = "<group>";
		};
		6DAB1D531F20D6F900050DE9 /* Products */ = {
			isa = PBXGroup;
			children = (
				6DAB1D521F20D6F900050DE9 /* YVTextField.app */,
			);
			name = Products;
			sourceTree = "<group>";
		};
		6DAB1D541F20D6F900050DE9 /* YVTextField */ = {
			isa = PBXGroup;
			children = (
				6DAB1D551F20D6F900050DE9 /* AppDelegate.swift */,
				6DAB1D591F20D6F900050DE9 /* Main.storyboard */,
				6DAB1D6A1F20DBC600050DE9 /* Controllers */,
				6DAB1D691F20DBA100050DE9 /* YVTextFieldSource */,
				6DAB1D5C1F20D6F900050DE9 /* Assets.xcassets */,
				6DAB1D5E1F20D6F900050DE9 /* LaunchScreen.storyboard */,
				6DAB1D611F20D6F900050DE9 /* Info.plist */,
			);
			path = YVTextField;
			sourceTree = "<group>";
		};
		6DAB1D691F20DBA100050DE9 /* YVTextFieldSource */ = {
			isa = PBXGroup;
			children = (
				6DAB1D6B1F20DBE100050DE9 /* YVTextField.swift */,
			);
			name = YVTextFieldSource;
			sourceTree = "<group>";
		};
		6DAB1D6A1F20DBC600050DE9 /* Controllers */ = {
			isa = PBXGroup;
			children = (
				6DAB1D671F20D9EF00050DE9 /* MainViewController.swift */,
			);
			name = Controllers;
			sourceTree = "<group>";
		};
/* End PBXGroup section */

/* Begin PBXNativeTarget section */
		6DAB1D511F20D6F900050DE9 /* YVTextField */ = {
			isa = PBXNativeTarget;
			buildConfigurationList = 6DAB1D641F20D6F900050DE9 /* Build configuration list for PBXNativeTarget "YVTextField" */;
			buildPhases = (
				6DAB1D4E1F20D6F900050DE9 /* Sources */,
				6DAB1D4F1F20D6F900050DE9 /* Frameworks */,
				6DAB1D501F20D6F900050DE9 /* Resources */,
			);
			buildRules = (
			);
			dependencies = (
			);
			name = YVTextField;
			productName = YVTextField;
			productReference = 6DAB1D521F20D6F900050DE9 /* YVTextField.app */;
			productType = "com.apple.product-type.application";
		};
/* End PBXNativeTarget section */

/* Begin PBXProject section */
		6DAB1D4A1F20D6F900050DE9 /* Project object */ = {
			isa = PBXProject;
			attributes = {
				LastSwiftUpdateCheck = 0830;
				LastUpgradeCheck = 0830;
				TargetAttributes = {
					6DAB1D511F20D6F900050DE9 = {
						CreatedOnToolsVersion = 8.3.3;
						DevelopmentTeam = CHF3A78536;
						ProvisioningStyle = Automatic;
					};
				};
			};
			buildConfigurationList = 6DAB1D4D1F20D6F900050DE9 /* Build configuration list for PBXProject "YVTextField" */;
			compatibilityVersion = "Xcode 3.2";
			developmentRegion = English;
			hasScannedForEncodings = 0;
			knownRegions = (
				en,
				Base,
			);
			mainGroup = 6DAB1D491F20D6F900050DE9;
			productRefGroup = 6DAB1D531F20D6F900050DE9 /* Products */;
			projectDirPath = "";
			projectRoot = "";
			targets = (
				6DAB1D511F20D6F900050DE9 /* YVTextField */,
			);
		};
/* End PBXProject section */

/* Begin PBXResourcesBuildPhase section */
		6DAB1D501F20D6F900050DE9 /* Resources */ = {
			isa = PBXResourcesBuildPhase;
			buildActionMask = 2147483647;
			files = (
				6DAB1D601F20D6F900050DE9 /* LaunchScreen.storyboard in Resources */,
				6DAB1D5D1F20D6F900050DE9 /* Assets.xcassets in Resources */,
				6DAB1D5B1F20D6F900050DE9 /* Main.storyboard in Resources */,
			);
			runOnlyForDeploymentPostprocessing = 0;
		};
/* End PBXResourcesBuildPhase section */

/* Begin PBXSourcesBuildPhase section */
		6DAB1D4E1F20D6F900050DE9 /* Sources */ = {
			isa = PBXSourcesBuildPhase;
			buildActionMask = 2147483647;
			files = (
				6DAB1D561F20D6F900050DE9 /* AppDelegate.swift in Sources */,
				6DAB1D681F20D9EF00050DE9 /* MainViewController.swift in Sources */,
				6DAB1D6C1F20DBE100050DE9 /* YVTextField.swift in Sources */,
			);
			runOnlyForDeploymentPostprocessing = 0;
		};
/* End PBXSourcesBuildPhase section */

/* Begin PBXVariantGroup section */
		6DAB1D591F20D6F900050DE9 /* Main.storyboard */ = {
			isa = PBXVariantGroup;
			children = (
				6DAB1D5A1F20D6F900050DE9 /* Base */,
			);
			name = Main.storyboard;
			sourceTree = "<group>";
		};
		6DAB1D5E1F20D6F900050DE9 /* LaunchScreen.storyboard */ = {
			isa = PBXVariantGroup;
			children = (
				6DAB1D5F1F20D6F900050DE9 /* Base */,
			);
			name = LaunchScreen.storyboard;
			sourceTree = "<group>";
		};
/* End PBXVariantGroup section */

/* Begin XCBuildConfiguration section */
		6DAB1D621F20D6F900050DE9 /* Debug */ = {
			isa = XCBuildConfiguration;
			buildSettings = {
				ALWAYS_SEARCH_USER_PATHS = NO;
				CLANG_ANALYZER_NONNULL = YES;
				CLANG_ANALYZER_NUMBER_OBJECT_CONVERSION = YES_AGGRESSIVE;
				CLANG_CXX_LANGUAGE_STANDARD = "gnu++0x";
				CLANG_CXX_LIBRARY = "libc++";
				CLANG_ENABLE_MODULES = YES;
				CLANG_ENABLE_OBJC_ARC = YES;
				CLANG_WARN_BOOL_CONVERSION = YES;
				CLANG_WARN_CONSTANT_CONVERSION = YES;
				CLANG_WARN_DIRECT_OBJC_ISA_USAGE = YES_ERROR;
				CLANG_WARN_DOCUMENTATION_COMMENTS = YES;
				CLANG_WARN_EMPTY_BODY = YES;
				CLANG_WARN_ENUM_CONVERSION = YES;
				CLANG_WARN_INFINITE_RECURSION = YES;
				CLANG_WARN_INT_CONVERSION = YES;
				CLANG_WARN_OBJC_ROOT_CLASS = YES_ERROR;
				CLANG_WARN_SUSPICIOUS_MOVE = YES;
				CLANG_WARN_UNREACHABLE_CODE = YES;
				CLANG_WARN__DUPLICATE_METHOD_MATCH = YES;
				"CODE_SIGN_IDENTITY[sdk=iphoneos*]" = "iPhone Developer";
				COPY_PHASE_STRIP = NO;
				DEBUG_INFORMATION_FORMAT = dwarf;
				ENABLE_STRICT_OBJC_MSGSEND = YES;
				ENABLE_TESTABILITY = YES;
				GCC_C_LANGUAGE_STANDARD = gnu99;
				GCC_DYNAMIC_NO_PIC = NO;
				GCC_NO_COMMON_BLOCKS = YES;
				GCC_OPTIMIZATION_LEVEL = 0;
				GCC_PREPROCESSOR_DEFINITIONS = (
					"DEBUG=1",
					"$(inherited)",
				);
				GCC_WARN_64_TO_32_BIT_CONVERSION = YES;
				GCC_WARN_ABOUT_RETURN_TYPE = YES_ERROR;
				GCC_WARN_UNDECLARED_SELECTOR = YES;
				GCC_WARN_UNINITIALIZED_AUTOS = YES_AGGRESSIVE;
				GCC_WARN_UNUSED_FUNCTION = YES;
				GCC_WARN_UNUSED_VARIABLE = YES;
				IPHONEOS_DEPLOYMENT_TARGET = 10.3;
				MTL_ENABLE_DEBUG_INFO = YES;
				ONLY_ACTIVE_ARCH = YES;
				SDKROOT = iphoneos;
				SWIFT_ACTIVE_COMPILATION_CONDITIONS = DEBUG;
				SWIFT_OPTIMIZATION_LEVEL = "-Onone";
			};
			name = Debug;
		};
		6DAB1D631F20D6F900050DE9 /* Release */ = {
			isa = XCBuildConfiguration;
			buildSettings = {
				ALWAYS_SEARCH_USER_PATHS = NO;
				CLANG_ANALYZER_NONNULL = YES;
				CLANG_ANALYZER_NUMBER_OBJECT_CONVERSION = YES_AGGRESSIVE;
				CLANG_CXX_LANGUAGE_STANDARD = "gnu++0x";
				CLANG_CXX_LIBRARY = "libc++";
				CLANG_ENABLE_MODULES = YES;
				CLANG_ENABLE_OBJC_ARC = YES;
				CLANG_WARN_BOOL_CONVERSION = YES;
				CLANG_WARN_CONSTANT_CONVERSION = YES;
				CLANG_WARN_DIRECT_OBJC_ISA_USAGE = YES_ERROR;
				CLANG_WARN_DOCUMENTATION_COMMENTS = YES;
				CLANG_WARN_EMPTY_BODY = YES;
				CLANG_WARN_ENUM_CONVERSION = YES;
				CLANG_WARN_INFINITE_RECURSION = YES;
				CLANG_WARN_INT_CONVERSION = YES;
				CLANG_WARN_OBJC_ROOT_CLASS = YES_ERROR;
				CLANG_WARN_SUSPICIOUS_MOVE = YES;
				CLANG_WARN_UNREACHABLE_CODE = YES;
				CLANG_WARN__DUPLICATE_METHOD_MATCH = YES;
				"CODE_SIGN_IDENTITY[sdk=iphoneos*]" = "iPhone Developer";
				COPY_PHASE_STRIP = NO;
				DEBUG_INFORMATION_FORMAT = "dwarf-with-dsym";
				ENABLE_NS_ASSERTIONS = NO;
				ENABLE_STRICT_OBJC_MSGSEND = YES;
				GCC_C_LANGUAGE_STANDARD = gnu99;
				GCC_NO_COMMON_BLOCKS = YES;
				GCC_WARN_64_TO_32_BIT_CONVERSION = YES;
				GCC_WARN_ABOUT_RETURN_TYPE = YES_ERROR;
				GCC_WARN_UNDECLARED_SELECTOR = YES;
				GCC_WARN_UNINITIALIZED_AUTOS = YES_AGGRESSIVE;
				GCC_WARN_UNUSED_FUNCTION = YES;
				GCC_WARN_UNUSED_VARIABLE = YES;
				IPHONEOS_DEPLOYMENT_TARGET = 10.3;
				MTL_ENABLE_DEBUG_INFO = NO;
				SDKROOT = iphoneos;
				SWIFT_OPTIMIZATION_LEVEL = "-Owholemodule";
				VALIDATE_PRODUCT = YES;
			};
			name = Release;
		};
		6DAB1D651F20D6F900050DE9 /* Debug */ = {
			isa = XCBuildConfiguration;
			buildSettings = {
				ASSETCATALOG_COMPILER_APPICON_NAME = AppIcon;
				DEVELOPMENT_TEAM = CHF3A78536;
				INFOPLIST_FILE = YVTextField/Info.plist;
				IPHONEOS_DEPLOYMENT_TARGET = 9.0;
				LD_RUNPATH_SEARCH_PATHS = "$(inherited) @executable_path/Frameworks";
				PRODUCT_BUNDLE_IDENTIFIER = com.gmail.shadberrow.YVTextField;
				PRODUCT_NAME = "$(TARGET_NAME)";
				SWIFT_VERSION = 3.0;
			};
			name = Debug;
		};
		6DAB1D661F20D6F900050DE9 /* Release */ = {
			isa = XCBuildConfiguration;
			buildSettings = {
				ASSETCATALOG_COMPILER_APPICON_NAME = AppIcon;
				DEVELOPMENT_TEAM = CHF3A78536;
				INFOPLIST_FILE = YVTextField/Info.plist;
				IPHONEOS_DEPLOYMENT_TARGET = 9.0;
				LD_RUNPATH_SEARCH_PATHS = "$(inherited) @executable_path/Frameworks";
				PRODUCT_BUNDLE_IDENTIFIER = com.gmail.shadberrow.YVTextField;
				PRODUCT_NAME = "$(TARGET_NAME)";
				SWIFT_VERSION = 3.0;
			};
			name = Release;
		};
/* End XCBuildConfiguration section */

/* Begin XCConfigurationList section */
		6DAB1D4D1F20D6F900050DE9 /* Build configuration list for PBXProject "YVTextField" */ = {
			isa = XCConfigurationList;
			buildConfigurations = (
				6DAB1D621F20D6F900050DE9 /* Debug */,
				6DAB1D631F20D6F900050DE9 /* Release */,
			);
			defaultConfigurationIsVisible = 0;
			defaultConfigurationName = Release;
		};
		6DAB1D641F20D6F900050DE9 /* Build configuration list for PBXNativeTarget "YVTextField" */ = {
			isa = XCConfigurationList;
			buildConfigurations = (
				6DAB1D651F20D6F900050DE9 /* Debug */,
				6DAB1D661F20D6F900050DE9 /* Release */,
			);
			defaultConfigurationIsVisible = 0;
		};
/* End XCConfigurationList section */
	};
	rootObject = 6DAB1D4A1F20D6F900050DE9 /* Project object */;
}
